{
	"name": "@packtrack/train",
	"version": "1.0.2",
	"lockfileVersion": 3,
	"requires": true,
	"packages": {
		"": {
			"name": "@packtrack/train",
			"version": "1.0.2",
			"dependencies": {
				"@packtrack/layout": "^1.0.1"
			}
		},
		"node_modules/@packtrack/layout": {
			"version": "1.0.1",
			"resolved": "https://registry.npmjs.org/@packtrack/layout/-/layout-1.0.1.tgz",
			"integrity": "sha512-AIiYGZvnqAYbReRCkP8f5VdTm5gBg8P9fWH+R3SzY1JILJPofM9k1/2h2RpTym/4m6TVol1SSq++myWEIeUHLg=="
		}
	}
}
